{
  "name": "dapr-example-config",
  "version": "1.0.0",
  "lockfileVersion": 2,
  "requires": true,
  "packages": {
    "": {
      "name": "dapr-example-config",
      "version": "1.0.0",
      "license": "ISC",
      "dependencies": {
        "@dapr/dapr": "file:../../build",
        "@types/node": "^15.3.0"
      },
      "devDependencies": {
        "rimraf": "^3.0.2",
        "ts-node": "^9.1.1",
        "typescript": "^4.2.4"
      }
    },
    "../../build": {
      "name": "@dapr/dapr",
      "version": "3.1.2",
      "license": "ISC",
      "dependencies": {
        "@grpc/grpc-js": "^1.3.7",
        "@js-temporal/polyfill": "^0.3.0",
        "@types/google-protobuf": "^3.15.5",
        "@types/node-fetch": "^2.6.2",
        "body-parser": "^1.19.0",
        "express": "^4.18.2",
        "google-protobuf": "^3.18.0",
        "http-terminator": "^3.0.4",
        "node-fetch": "^2.6.7"
      },
      "devDependencies": {
        "@types/body-parser": "^1.19.1",
        "@types/express": "^4.17.15",
        "@types/jest": "^27.0.1",
        "@types/node": "^16.9.1",
        "@types/uuid": "^8.3.1",
        "@typescript-eslint/eslint-plugin": "^5.1.0",
        "@typescript-eslint/parser": "^5.1.0",
        "eslint": "^8.1.0",
        "eslint-config-prettier": "^8.5.0",
        "eslint-plugin-header": "^3.1.1",
        "eslint-plugin-prettier": "^4.2.1",
        "grpc_tools_node_protoc_ts": "^5.3.2",
        "husky": "^8.0.1",
        "jest": "^27.2.0",
        "nodemon": "^2.0.20",
        "prettier": "^2.4.0",
        "pretty-quick": "^3.1.3",
        "ts-jest": "^27.0.5",
        "typescript": "^4.5.5"
      }
    },
    "node_modules/@dapr/dapr": {
      "resolved": "../../build",
      "link": true
    },
    "node_modules/@types/node": {
      "version": "15.14.9",
      "license": "MIT"
    },
    "node_modules/arg": {
      "version": "4.1.3",
      "dev": true,
      "license": "MIT"
    },
    "node_modules/balanced-match": {
      "version": "1.0.2",
      "dev": true,
      "license": "MIT"
    },
    "node_modules/brace-expansion": {
      "version": "1.1.11",
      "dev": true,
      "license": "MIT",
      "dependencies": {
        "balanced-match": "^1.0.0",
        "concat-map": "0.0.1"
      }
    },
    "node_modules/buffer-from": {
      "version": "1.1.2",
      "dev": true,
      "license": "MIT"
    },
    "node_modules/concat-map": {
      "version": "0.0.1",
      "dev": true,
      "license": "MIT"
    },
    "node_modules/create-require": {
      "version": "1.1.1",
      "dev": true,
      "license": "MIT"
    },
    "node_modules/diff": {
      "version": "4.0.2",
      "dev": true,
      "license": "BSD-3-Clause",
      "engines": {
        "node": ">=0.3.1"
      }
    },
    "node_modules/fs.realpath": {
      "version": "1.0.0",
      "dev": true,
      "license": "ISC"
    },
    "node_modules/glob": {
      "version": "7.2.3",
      "dev": true,
      "license": "ISC",
      "dependencies": {
        "fs.realpath": "^1.0.0",
        "inflight": "^1.0.4",
        "inherits": "2",
        "minimatch": "^3.1.1",
        "once": "^1.3.0",
        "path-is-absolute": "^1.0.0"
      },
      "engines": {
        "node": "*"
      },
      "funding": {
        "url": "https://github.com/sponsors/isaacs"
      }
    },
    "node_modules/inflight": {
      "version": "1.0.6",
      "dev": true,
      "license": "ISC",
      "dependencies": {
        "once": "^1.3.0",
        "wrappy": "1"
      }
    },
    "node_modules/inherits": {
      "version": "2.0.4",
      "dev": true,
      "license": "ISC"
    },
    "node_modules/make-error": {
      "version": "1.3.6",
      "dev": true,
      "license": "ISC"
    },
    "node_modules/minimatch": {
      "version": "3.1.2",
      "dev": true,
      "license": "ISC",
      "dependencies": {
        "brace-expansion": "^1.1.7"
      },
      "engines": {
        "node": "*"
      }
    },
    "node_modules/once": {
      "version": "1.4.0",
      "dev": true,
      "license": "ISC",
      "dependencies": {
        "wrappy": "1"
      }
    },
    "node_modules/path-is-absolute": {
      "version": "1.0.1",
      "dev": true,
      "license": "MIT",
      "engines": {
        "node": ">=0.10.0"
      }
    },
    "node_modules/rimraf": {
      "version": "3.0.2",
      "dev": true,
      "license": "ISC",
      "dependencies": {
        "glob": "^7.1.3"
      },
      "bin": {
        "rimraf": "bin.js"
      },
      "funding": {
        "url": "https://github.com/sponsors/isaacs"
      }
    },
    "node_modules/source-map": {
      "version": "0.6.1",
      "dev": true,
      "license": "BSD-3-Clause",
      "engines": {
        "node": ">=0.10.0"
      }
    },
    "node_modules/source-map-support": {
      "version": "0.5.21",
      "dev": true,
      "license": "MIT",
      "dependencies": {
        "buffer-from": "^1.0.0",
        "source-map": "^0.6.0"
      }
    },
    "node_modules/ts-node": {
      "version": "9.1.1",
      "dev": true,
      "license": "MIT",
      "dependencies": {
        "arg": "^4.1.0",
        "create-require": "^1.1.0",
        "diff": "^4.0.1",
        "make-error": "^1.1.1",
        "source-map-support": "^0.5.17",
        "yn": "3.1.1"
      },
      "bin": {
        "ts-node": "dist/bin.js",
        "ts-node-script": "dist/bin-script.js",
        "ts-node-transpile-only": "dist/bin-transpile.js",
        "ts-script": "dist/bin-script-deprecated.js"
      },
      "engines": {
        "node": ">=10.0.0"
      },
      "peerDependencies": {
        "typescript": ">=2.7"
      }
    },
    "node_modules/typescript": {
      "version": "4.8.4",
      "dev": true,
      "license": "Apache-2.0",
      "bin": {
        "tsc": "bin/tsc",
        "tsserver": "bin/tsserver"
      },
      "engines": {
        "node": ">=4.2.0"
      }
    },
    "node_modules/wrappy": {
      "version": "1.0.2",
      "dev": true,
      "license": "ISC"
    },
    "node_modules/yn": {
      "version": "3.1.1",
      "dev": true,
      "license": "MIT",
      "engines": {
        "node": ">=6"
      }
    }
  },
  "dependencies": {
    "@dapr/dapr": {
      "version": "file:../../build",
      "requires": {
        "@grpc/grpc-js": "^1.3.7",
        "@js-temporal/polyfill": "^0.3.0",
        "@types/body-parser": "^1.19.1",
        "@types/express": "^4.17.15",
        "@types/google-protobuf": "^3.15.5",
        "@types/jest": "^27.0.1",
        "@types/node": "^16.9.1",
        "@types/node-fetch": "^2.6.2",
        "@types/uuid": "^8.3.1",
        "@typescript-eslint/eslint-plugin": "^5.1.0",
        "@typescript-eslint/parser": "^5.1.0",
        "body-parser": "^1.19.0",
        "eslint": "^8.1.0",
        "eslint-config-prettier": "^8.5.0",
        "eslint-plugin-header": "^3.1.1",
        "eslint-plugin-prettier": "^4.2.1",
        "express": "^4.18.2",
        "google-protobuf": "^3.18.0",
        "grpc_tools_node_protoc_ts": "^5.3.2",
        "http-terminator": "^3.0.4",
        "husky": "^8.0.1",
        "jest": "^27.2.0",
        "node-fetch": "^2.6.7",
        "nodemon": "^2.0.20",
        "prettier": "^2.4.0",
        "pretty-quick": "^3.1.3",
        "ts-jest": "^27.0.5",
        "typescript": "^4.5.5"
      }
    },
    "@types/node": {
      "version": "15.14.9"
    },
    "arg": {
      "version": "4.1.3",
      "dev": true
    },
    "balanced-match": {
      "version": "1.0.2",
      "dev": true
    },
    "brace-expansion": {
      "version": "1.1.11",
      "dev": true,
      "requires": {
        "balanced-match": "^1.0.0",
        "concat-map": "0.0.1"
      }
    },
    "buffer-from": {
      "version": "1.1.2",
      "dev": true
    },
    "concat-map": {
      "version": "0.0.1",
      "dev": true
    },
    "create-require": {
      "version": "1.1.1",
      "dev": true
    },
    "diff": {
      "version": "4.0.2",
      "dev": true
    },
    "fs.realpath": {
      "version": "1.0.0",
      "dev": true
    },
    "glob": {
      "version": "7.2.3",
      "dev": true,
      "requires": {
        "fs.realpath": "^1.0.0",
        "inflight": "^1.0.4",
        "inherits": "2",
        "minimatch": "^3.1.1",
        "once": "^1.3.0",
        "path-is-absolute": "^1.0.0"
      }
    },
    "inflight": {
      "version": "1.0.6",
      "dev": true,
      "requires": {
        "once": "^1.3.0",
        "wrappy": "1"
      }
    },
    "inherits": {
      "version": "2.0.4",
      "dev": true
    },
    "make-error": {
      "version": "1.3.6",
      "dev": true
    },
    "minimatch": {
      "version": "3.1.2",
      "dev": true,
      "requires": {
        "brace-expansion": "^1.1.7"
      }
    },
    "once": {
      "version": "1.4.0",
      "dev": true,
      "requires": {
        "wrappy": "1"
      }
    },
    "path-is-absolute": {
      "version": "1.0.1",
      "dev": true
    },
    "rimraf": {
      "version": "3.0.2",
      "dev": true,
      "requires": {
        "glob": "^7.1.3"
      }
    },
    "source-map": {
      "version": "0.6.1",
      "dev": true
    },
    "source-map-support": {
      "version": "0.5.21",
      "dev": true,
      "requires": {
        "buffer-from": "^1.0.0",
        "source-map": "^0.6.0"
      }
    },
    "ts-node": {
      "version": "9.1.1",
      "dev": true,
      "requires": {
        "arg": "^4.1.0",
        "create-require": "^1.1.0",
        "diff": "^4.0.1",
        "make-error": "^1.1.1",
        "source-map-support": "^0.5.17",
        "yn": "3.1.1"
      }
    },
    "typescript": {
      "version": "4.8.4",
      "dev": true
    },
    "wrappy": {
      "version": "1.0.2",
      "dev": true
    },
    "yn": {
      "version": "3.1.1",
      "dev": true
    }
  }
}
